// !$*UTF8*$!
{
	archiveVersion = 1;
	classes = {
	};
	objectVersion = 55;
	objects = {

/* Begin PBXBuildFile section */
		7D5D8C8D99A9903BDE4794F9 /* Pods_XBike.framework in Frameworks */ = {isa = PBXBuildFile; fileRef = 463C13E8D4D21C345406685C /* Pods_XBike.framework */; };
		F89FDD1C28B61E28004713B7 /* abel-regular.ttf in Resources */ = {isa = PBXBuildFile; fileRef = F89FDD1B28B61E28004713B7 /* abel-regular.ttf */; };
		F89FDD1E28B62DCF004713B7 /* InitStoryboard.storyboard in Resources */ = {isa = PBXBuildFile; fileRef = F89FDD1D28B62DCF004713B7 /* InitStoryboard.storyboard */; };
		F89FDD2128B63BF7004713B7 /* CurrentRideViewController.swift in Sources */ = {isa = PBXBuildFile; fileRef = F89FDD2028B63BF7004713B7 /* CurrentRideViewController.swift */; };
		F89FDD2428B68130004713B7 /* MyProgressViewController.swift in Sources */ = {isa = PBXBuildFile; fileRef = F89FDD2328B68130004713B7 /* MyProgressViewController.swift */; };
		F89FDD2828B69802004713B7 /* ProgressTableViewCell.swift in Sources */ = {isa = PBXBuildFile; fileRef = F89FDD2628B69802004713B7 /* ProgressTableViewCell.swift */; };
		F89FDD2928B69802004713B7 /* ProgressTableViewCell.xib in Resources */ = {isa = PBXBuildFile; fileRef = F89FDD2728B69802004713B7 /* ProgressTableViewCell.xib */; };
		F89FDD2B28B69AAB004713B7 /* RouteTest.gpx in Resources */ = {isa = PBXBuildFile; fileRef = F89FDD2A28B69AAB004713B7 /* RouteTest.gpx */; };
		F89FDD2F28B6B44C004713B7 /* RouteModel.swift in Sources */ = {isa = PBXBuildFile; fileRef = F89FDD2E28B6B44C004713B7 /* RouteModel.swift */; };
		F89FDD3228B6BB3C004713B7 /* RoutesService.swift in Sources */ = {isa = PBXBuildFile; fileRef = F89FDD3128B6BB3C004713B7 /* RoutesService.swift */; };
		F89FDD3628B6BCA0004713B7 /* MyProgressPresenter.swift in Sources */ = {isa = PBXBuildFile; fileRef = F89FDD3528B6BCA0004713B7 /* MyProgressPresenter.swift */; };
		F89FDD3B28B6C312004713B7 /* CurrentRidePresenter.swift in Sources */ = {isa = PBXBuildFile; fileRef = F89FDD3A28B6C312004713B7 /* CurrentRidePresenter.swift */; };
		F8A5C2C928B60AEB0010C737 /* AppDelegate.swift in Sources */ = {isa = PBXBuildFile; fileRef = F8A5C2C828B60AEB0010C737 /* AppDelegate.swift */; };
		F8A5C2CD28B60AEB0010C737 /* OnboardingViewController.swift in Sources */ = {isa = PBXBuildFile; fileRef = F8A5C2CC28B60AEB0010C737 /* OnboardingViewController.swift */; };
		F8A5C2D028B60AEB0010C737 /* Main.storyboard in Resources */ = {isa = PBXBuildFile; fileRef = F8A5C2CE28B60AEB0010C737 /* Main.storyboard */; };
		F8A5C2D228B60AEC0010C737 /* Assets.xcassets in Resources */ = {isa = PBXBuildFile; fileRef = F8A5C2D128B60AEC0010C737 /* Assets.xcassets */; };
		F8A5C2D528B60AEC0010C737 /* LaunchScreen.storyboard in Resources */ = {isa = PBXBuildFile; fileRef = F8A5C2D328B60AEC0010C737 /* LaunchScreen.storyboard */; };
		F8A5C2DD28B617E40010C737 /* OnboardingPageViewController.swift in Sources */ = {isa = PBXBuildFile; fileRef = F8A5C2DC28B617E40010C737 /* OnboardingPageViewController.swift */; };
		F8A5C2DF28B618080010C737 /* OnboardingContentViewController.swift in Sources */ = {isa = PBXBuildFile; fileRef = F8A5C2DE28B618080010C737 /* OnboardingContentViewController.swift */; };
/* End PBXBuildFile section */

/* Begin PBXFileReference section */
		411439F2687614A0F82A94F9 /* Pods-XBike.debug.xcconfig */ = {isa = PBXFileReference; includeInIndex = 1; lastKnownFileType = text.xcconfig; name = "Pods-XBike.debug.xcconfig"; path = "Target Support Files/Pods-XBike/Pods-XBike.debug.xcconfig"; sourceTree = "<group>"; };
		463C13E8D4D21C345406685C /* Pods_XBike.framework */ = {isa = PBXFileReference; explicitFileType = wrapper.framework; includeInIndex = 0; path = Pods_XBike.framework; sourceTree = BUILT_PRODUCTS_DIR; };
		F69DA72F5E7EEF3BBD73D767 /* Pods-XBike.release.xcconfig */ = {isa = PBXFileReference; includeInIndex = 1; lastKnownFileType = text.xcconfig; name = "Pods-XBike.release.xcconfig"; path = "Target Support Files/Pods-XBike/Pods-XBike.release.xcconfig"; sourceTree = "<group>"; };
		F89FDD1B28B61E28004713B7 /* abel-regular.ttf */ = {isa = PBXFileReference; lastKnownFileType = file; path = "abel-regular.ttf"; sourceTree = "<group>"; };
		F89FDD1D28B62DCF004713B7 /* InitStoryboard.storyboard */ = {isa = PBXFileReference; lastKnownFileType = file.storyboard; path = InitStoryboard.storyboard; sourceTree = "<group>"; };
		F89FDD2028B63BF7004713B7 /* CurrentRideViewController.swift */ = {isa = PBXFileReference; lastKnownFileType = sourcecode.swift; path = CurrentRideViewController.swift; sourceTree = "<group>"; };
		F89FDD2328B68130004713B7 /* MyProgressViewController.swift */ = {isa = PBXFileReference; lastKnownFileType = sourcecode.swift; path = MyProgressViewController.swift; sourceTree = "<group>"; };
		F89FDD2628B69802004713B7 /* ProgressTableViewCell.swift */ = {isa = PBXFileReference; lastKnownFileType = sourcecode.swift; path = ProgressTableViewCell.swift; sourceTree = "<group>"; };
		F89FDD2728B69802004713B7 /* ProgressTableViewCell.xib */ = {isa = PBXFileReference; lastKnownFileType = file.xib; path = ProgressTableViewCell.xib; sourceTree = "<group>"; };
		F89FDD2A28B69AAB004713B7 /* RouteTest.gpx */ = {isa = PBXFileReference; lastKnownFileType = text.xml; path = RouteTest.gpx; sourceTree = "<group>"; };
		F89FDD2E28B6B44C004713B7 /* RouteModel.swift */ = {isa = PBXFileReference; lastKnownFileType = sourcecode.swift; path = RouteModel.swift; sourceTree = "<group>"; };
		F89FDD3128B6BB3C004713B7 /* RoutesService.swift */ = {isa = PBXFileReference; lastKnownFileType = sourcecode.swift; path = RoutesService.swift; sourceTree = "<group>"; };
		F89FDD3528B6BCA0004713B7 /* MyProgressPresenter.swift */ = {isa = PBXFileReference; lastKnownFileType = sourcecode.swift; path = MyProgressPresenter.swift; sourceTree = "<group>"; };
		F89FDD3A28B6C312004713B7 /* CurrentRidePresenter.swift */ = {isa = PBXFileReference; lastKnownFileType = sourcecode.swift; path = CurrentRidePresenter.swift; sourceTree = "<group>"; };
		F8A5C2C528B60AEB0010C737 /* XBike.app */ = {isa = PBXFileReference; explicitFileType = wrapper.application; includeInIndex = 0; path = XBike.app; sourceTree = BUILT_PRODUCTS_DIR; };
		F8A5C2C828B60AEB0010C737 /* AppDelegate.swift */ = {isa = PBXFileReference; lastKnownFileType = sourcecode.swift; path = AppDelegate.swift; sourceTree = "<group>"; };
		F8A5C2CC28B60AEB0010C737 /* OnboardingViewController.swift */ = {isa = PBXFileReference; lastKnownFileType = sourcecode.swift; path = OnboardingViewController.swift; sourceTree = "<group>"; };
		F8A5C2CF28B60AEB0010C737 /* Base */ = {isa = PBXFileReference; lastKnownFileType = file.storyboard; name = Base; path = Base.lproj/Main.storyboard; sourceTree = "<group>"; };
		F8A5C2D128B60AEC0010C737 /* Assets.xcassets */ = {isa = PBXFileReference; lastKnownFileType = folder.assetcatalog; path = Assets.xcassets; sourceTree = "<group>"; };
		F8A5C2D428B60AEC0010C737 /* Base */ = {isa = PBXFileReference; lastKnownFileType = file.storyboard; name = Base; path = Base.lproj/LaunchScreen.storyboard; sourceTree = "<group>"; };
		F8A5C2D628B60AEC0010C737 /* Info.plist */ = {isa = PBXFileReference; lastKnownFileType = text.plist.xml; path = Info.plist; sourceTree = "<group>"; };
		F8A5C2DC28B617E40010C737 /* OnboardingPageViewController.swift */ = {isa = PBXFileReference; lastKnownFileType = sourcecode.swift; path = OnboardingPageViewController.swift; sourceTree = "<group>"; };
		F8A5C2DE28B618080010C737 /* OnboardingContentViewController.swift */ = {isa = PBXFileReference; lastKnownFileType = sourcecode.swift; path = OnboardingContentViewController.swift; sourceTree = "<group>"; };
/* End PBXFileReference section */

/* Begin PBXFrameworksBuildPhase section */
		F8A5C2C228B60AEB0010C737 /* Frameworks */ = {
			isa = PBXFrameworksBuildPhase;
			buildActionMask = 2147483647;
			files = (
				7D5D8C8D99A9903BDE4794F9 /* Pods_XBike.framework in Frameworks */,
			);
			runOnlyForDeploymentPostprocessing = 0;
		};
/* End PBXFrameworksBuildPhase section */

/* Begin PBXGroup section */
		F41E0F5B49CA866112A89003 /* Pods */ = {
			isa = PBXGroup;
			children = (
				411439F2687614A0F82A94F9 /* Pods-XBike.debug.xcconfig */,
				F69DA72F5E7EEF3BBD73D767 /* Pods-XBike.release.xcconfig */,
			);
			path = Pods;
			sourceTree = "<group>";
		};
		F745F482DF95421095AA8D2F /* Frameworks */ = {
			isa = PBXGroup;
			children = (
				463C13E8D4D21C345406685C /* Pods_XBike.framework */,
			);
			name = Frameworks;
			sourceTree = "<group>";
		};
		F89FDD1F28B63BDD004713B7 /* Tab1 */ = {
			isa = PBXGroup;
			children = (
				F89FDD3928B6BEC5004713B7 /* Datasource */,
				F89FDD3828B6BEBA004713B7 /* Presenter */,
				F89FDD3728B6BEB2004713B7 /* View */,
				F89FDD2D28B6B426004713B7 /* Model */,
			);
			path = Tab1;
			sourceTree = "<group>";
		};
		F89FDD2228B67DFD004713B7 /* Tab2 */ = {
			isa = PBXGroup;
			children = (
				F89FDD3428B6BC8C004713B7 /* View */,
				F89FDD3328B6BC79004713B7 /* Presenter */,
				F89FDD3028B6BB18004713B7 /* Datasource */,
				F89FDD2528B6958D004713B7 /* Cells */,
			);
			path = Tab2;
			sourceTree = "<group>";
		};
		F89FDD2528B6958D004713B7 /* Cells */ = {
			isa = PBXGroup;
			children = (
				F89FDD2628B69802004713B7 /* ProgressTableViewCell.swift */,
				F89FDD2728B69802004713B7 /* ProgressTableViewCell.xib */,
			);
			path = Cells;
			sourceTree = "<group>";
		};
		F89FDD2D28B6B426004713B7 /* Model */ = {
			isa = PBXGroup;
			children = (
				F89FDD2E28B6B44C004713B7 /* RouteModel.swift */,
			);
			path = Model;
			sourceTree = "<group>";
		};
		F89FDD3028B6BB18004713B7 /* Datasource */ = {
			isa = PBXGroup;
			children = (
				F89FDD3128B6BB3C004713B7 /* RoutesService.swift */,
			);
			path = Datasource;
			sourceTree = "<group>";
		};
		F89FDD3328B6BC79004713B7 /* Presenter */ = {
			isa = PBXGroup;
			children = (
				F89FDD3528B6BCA0004713B7 /* MyProgressPresenter.swift */,
			);
			path = Presenter;
			sourceTree = "<group>";
		};
		F89FDD3428B6BC8C004713B7 /* View */ = {
			isa = PBXGroup;
			children = (
				F89FDD2328B68130004713B7 /* MyProgressViewController.swift */,
			);
			path = View;
			sourceTree = "<group>";
		};
		F89FDD3728B6BEB2004713B7 /* View */ = {
			isa = PBXGroup;
			children = (
				F89FDD2028B63BF7004713B7 /* CurrentRideViewController.swift */,
			);
			path = View;
			sourceTree = "<group>";
		};
		F89FDD3828B6BEBA004713B7 /* Presenter */ = {
			isa = PBXGroup;
			children = (
				F89FDD3A28B6C312004713B7 /* CurrentRidePresenter.swift */,
			);
			path = Presenter;
			sourceTree = "<group>";
		};
		F89FDD3928B6BEC5004713B7 /* Datasource */ = {
			isa = PBXGroup;
			children = (
			);
			path = Datasource;
			sourceTree = "<group>";
		};
		F8A5C2BC28B60AEB0010C737 = {
			isa = PBXGroup;
			children = (
				F8A5C2C728B60AEB0010C737 /* XBike */,
				F8A5C2C628B60AEB0010C737 /* Products */,
				F41E0F5B49CA866112A89003 /* Pods */,
				F745F482DF95421095AA8D2F /* Frameworks */,
			);
			sourceTree = "<group>";
		};
		F8A5C2C628B60AEB0010C737 /* Products */ = {
			isa = PBXGroup;
			children = (
				F8A5C2C528B60AEB0010C737 /* XBike.app */,
			);
			name = Products;
			sourceTree = "<group>";
		};
		F8A5C2C728B60AEB0010C737 /* XBike */ = {
			isa = PBXGroup;
			children = (
				F89FDD1F28B63BDD004713B7 /* Tab1 */,
				F89FDD2228B67DFD004713B7 /* Tab2 */,
				F89FDD1B28B61E28004713B7 /* abel-regular.ttf */,
				F8A5C2C828B60AEB0010C737 /* AppDelegate.swift */,
				F8A5C2CC28B60AEB0010C737 /* OnboardingViewController.swift */,
				F8A5C2CE28B60AEB0010C737 /* Main.storyboard */,
				F8A5C2D128B60AEC0010C737 /* Assets.xcassets */,
				F8A5C2D328B60AEC0010C737 /* LaunchScreen.storyboard */,
				F8A5C2D628B60AEC0010C737 /* Info.plist */,
				F8A5C2DC28B617E40010C737 /* OnboardingPageViewController.swift */,
				F8A5C2DE28B618080010C737 /* OnboardingContentViewController.swift */,
				F89FDD1D28B62DCF004713B7 /* InitStoryboard.storyboard */,
				F89FDD2A28B69AAB004713B7 /* RouteTest.gpx */,
			);
			path = XBike;
			sourceTree = "<group>";
		};
/* End PBXGroup section */

/* Begin PBXNativeTarget section */
		F8A5C2C428B60AEB0010C737 /* XBike */ = {
			isa = PBXNativeTarget;
			buildConfigurationList = F8A5C2D928B60AEC0010C737 /* Build configuration list for PBXNativeTarget "XBike" */;
			buildPhases = (
				5EEA428291A893B4F544A1DB /* [CP] Check Pods Manifest.lock */,
				F8A5C2C128B60AEB0010C737 /* Sources */,
				F8A5C2C228B60AEB0010C737 /* Frameworks */,
				F8A5C2C328B60AEB0010C737 /* Resources */,
				D924745AE8934263E08ECFB7 /* [CP] Copy Pods Resources */,
				0E21FC25584DF56F058C9643 /* [CP] Embed Pods Frameworks */,
			);
			buildRules = (
			);
			dependencies = (
			);
			name = XBike;
			productName = XBike;
			productReference = F8A5C2C528B60AEB0010C737 /* XBike.app */;
			productType = "com.apple.product-type.application";
		};
/* End PBXNativeTarget section */

/* Begin PBXProject section */
		F8A5C2BD28B60AEB0010C737 /* Project object */ = {
			isa = PBXProject;
			attributes = {
				BuildIndependentTargetsInParallel = 1;
				LastSwiftUpdateCheck = 1340;
				LastUpgradeCheck = 1340;
				TargetAttributes = {
					F8A5C2C428B60AEB0010C737 = {
						CreatedOnToolsVersion = 13.4.1;
					};
				};
			};
			buildConfigurationList = F8A5C2C028B60AEB0010C737 /* Build configuration list for PBXProject "XBike" */;
			compatibilityVersion = "Xcode 13.0";
			developmentRegion = en;
			hasScannedForEncodings = 0;
			knownRegions = (
				en,
				Base,
			);
			mainGroup = F8A5C2BC28B60AEB0010C737;
			productRefGroup = F8A5C2C628B60AEB0010C737 /* Products */;
			projectDirPath = "";
			projectRoot = "";
			targets = (
				F8A5C2C428B60AEB0010C737 /* XBike */,
			);
		};
/* End PBXProject section */

/* Begin PBXResourcesBuildPhase section */
		F8A5C2C328B60AEB0010C737 /* Resources */ = {
			isa = PBXResourcesBuildPhase;
			buildActionMask = 2147483647;
			files = (
				F89FDD2B28B69AAB004713B7 /* RouteTest.gpx in Resources */,
				F89FDD2928B69802004713B7 /* ProgressTableViewCell.xib in Resources */,
				F8A5C2D528B60AEC0010C737 /* LaunchScreen.storyboard in Resources */,
				F8A5C2D228B60AEC0010C737 /* Assets.xcassets in Resources */,
				F8A5C2D028B60AEB0010C737 /* Main.storyboard in Resources */,
				F89FDD1E28B62DCF004713B7 /* InitStoryboard.storyboard in Resources */,
				F89FDD1C28B61E28004713B7 /* abel-regular.ttf in Resources */,
			);
			runOnlyForDeploymentPostprocessing = 0;
		};
/* End PBXResourcesBuildPhase section */

/* Begin PBXShellScriptBuildPhase section */
		0E21FC25584DF56F058C9643 /* [CP] Embed Pods Frameworks */ = {
			isa = PBXShellScriptBuildPhase;
			buildActionMask = 2147483647;
			files = (
			);
			inputFileListPaths = (
				"${PODS_ROOT}/Target Support Files/Pods-XBike/Pods-XBike-frameworks-${CONFIGURATION}-input-files.xcfilelist",
			);
			name = "[CP] Embed Pods Frameworks";
			outputFileListPaths = (
				"${PODS_ROOT}/Target Support Files/Pods-XBike/Pods-XBike-frameworks-${CONFIGURATION}-output-files.xcfilelist",
			);
			runOnlyForDeploymentPostprocessing = 0;
			shellPath = /bin/sh;
			shellScript = "\"${PODS_ROOT}/Target Support Files/Pods-XBike/Pods-XBike-frameworks.sh\"\n";
			showEnvVarsInLog = 0;
		};
		5EEA428291A893B4F544A1DB /* [CP] Check Pods Manifest.lock */ = {
			isa = PBXShellScriptBuildPhase;
			buildActionMask = 2147483647;
			files = (
			);
			inputFileListPaths = (
			);
			inputPaths = (
				"${PODS_PODFILE_DIR_PATH}/Podfile.lock",
				"${PODS_ROOT}/Manifest.lock",
			);
			name = "[CP] Check Pods Manifest.lock";
			outputFileListPaths = (
			);
			outputPaths = (
				"$(DERIVED_FILE_DIR)/Pods-XBike-checkManifestLockResult.txt",
			);
			runOnlyForDeploymentPostprocessing = 0;
			shellPath = /bin/sh;
			shellScript = "diff \"${PODS_PODFILE_DIR_PATH}/Podfile.lock\" \"${PODS_ROOT}/Manifest.lock\" > /dev/null\nif [ $? != 0 ] ; then\n    # print error to STDERR\n    echo \"error: The sandbox is not in sync with the Podfile.lock. Run 'pod install' or update your CocoaPods installation.\" >&2\n    exit 1\nfi\n# This output is used by Xcode 'outputs' to avoid re-running this script phase.\necho \"SUCCESS\" > \"${SCRIPT_OUTPUT_FILE_0}\"\n";
			showEnvVarsInLog = 0;
		};
		D924745AE8934263E08ECFB7 /* [CP] Copy Pods Resources */ = {
			isa = PBXShellScriptBuildPhase;
			buildActionMask = 2147483647;
			files = (
			);
			inputFileListPaths = (
				"${PODS_ROOT}/Target Support Files/Pods-XBike/Pods-XBike-resources-${CONFIGURATION}-input-files.xcfilelist",
			);
			name = "[CP] Copy Pods Resources";
			outputFileListPaths = (
				"${PODS_ROOT}/Target Support Files/Pods-XBike/Pods-XBike-resources-${CONFIGURATION}-output-files.xcfilelist",
			);
			runOnlyForDeploymentPostprocessing = 0;
			shellPath = /bin/sh;
			shellScript = "\"${PODS_ROOT}/Target Support Files/Pods-XBike/Pods-XBike-resources.sh\"\n";
			showEnvVarsInLog = 0;
		};
/* End PBXShellScriptBuildPhase section */

/* Begin PBXSourcesBuildPhase section */
		F8A5C2C128B60AEB0010C737 /* Sources */ = {
			isa = PBXSourcesBuildPhase;
			buildActionMask = 2147483647;
			files = (
				F89FDD2128B63BF7004713B7 /* CurrentRideViewController.swift in Sources */,
				F89FDD2428B68130004713B7 /* MyProgressViewController.swift in Sources */,
				F89FDD2828B69802004713B7 /* ProgressTableViewCell.swift in Sources */,
				F89FDD2F28B6B44C004713B7 /* RouteModel.swift in Sources */,
				F8A5C2CD28B60AEB0010C737 /* OnboardingViewController.swift in Sources */,
				F89FDD3B28B6C312004713B7 /* CurrentRidePresenter.swift in Sources */,
				F8A5C2DF28B618080010C737 /* OnboardingContentViewController.swift in Sources */,
				F8A5C2DD28B617E40010C737 /* OnboardingPageViewController.swift in Sources */,
				F89FDD3228B6BB3C004713B7 /* RoutesService.swift in Sources */,
				F8A5C2C928B60AEB0010C737 /* AppDelegate.swift in Sources */,
				F89FDD3628B6BCA0004713B7 /* MyProgressPresenter.swift in Sources */,
			);
			runOnlyForDeploymentPostprocessing = 0;
		};
/* End PBXSourcesBuildPhase section */

/* Begin PBXVariantGroup section */
		F8A5C2CE28B60AEB0010C737 /* Main.storyboard */ = {
			isa = PBXVariantGroup;
			children = (
				F8A5C2CF28B60AEB0010C737 /* Base */,
			);
			name = Main.storyboard;
			sourceTree = "<group>";
		};
		F8A5C2D328B60AEC0010C737 /* LaunchScreen.storyboard */ = {
			isa = PBXVariantGroup;
			children = (
				F8A5C2D428B60AEC0010C737 /* Base */,
			);
			name = LaunchScreen.storyboard;
			sourceTree = "<group>";
		};
/* End PBXVariantGroup section */

/* Begin XCBuildConfiguration section */
		F8A5C2D728B60AEC0010C737 /* Debug */ = {
			isa = XCBuildConfiguration;
			buildSettings = {
				ALWAYS_SEARCH_USER_PATHS = NO;
				CLANG_ANALYZER_NONNULL = YES;
				CLANG_ANALYZER_NUMBER_OBJECT_CONVERSION = YES_AGGRESSIVE;
				CLANG_CXX_LANGUAGE_STANDARD = "gnu++17";
				CLANG_ENABLE_MODULES = YES;
				CLANG_ENABLE_OBJC_ARC = YES;
				CLANG_ENABLE_OBJC_WEAK = YES;
				CLANG_WARN_BLOCK_CAPTURE_AUTORELEASING = YES;
				CLANG_WARN_BOOL_CONVERSION = YES;
				CLANG_WARN_COMMA = YES;
				CLANG_WARN_CONSTANT_CONVERSION = YES;
				CLANG_WARN_DEPRECATED_OBJC_IMPLEMENTATIONS = YES;
				CLANG_WARN_DIRECT_OBJC_ISA_USAGE = YES_ERROR;
				CLANG_WARN_DOCUMENTATION_COMMENTS = YES;
				CLANG_WARN_EMPTY_BODY = YES;
				CLANG_WARN_ENUM_CONVERSION = YES;
				CLANG_WARN_INFINITE_RECURSION = YES;
				CLANG_WARN_INT_CONVERSION = YES;
				CLANG_WARN_NON_LITERAL_NULL_CONVERSION = YES;
				CLANG_WARN_OBJC_IMPLICIT_RETAIN_SELF = YES;
				CLANG_WARN_OBJC_LITERAL_CONVERSION = YES;
				CLANG_WARN_OBJC_ROOT_CLASS = YES_ERROR;
				CLANG_WARN_QUOTED_INCLUDE_IN_FRAMEWORK_HEADER = YES;
				CLANG_WARN_RANGE_LOOP_ANALYSIS = YES;
				CLANG_WARN_STRICT_PROTOTYPES = YES;
				CLANG_WARN_SUSPICIOUS_MOVE = YES;
				CLANG_WARN_UNGUARDED_AVAILABILITY = YES_AGGRESSIVE;
				CLANG_WARN_UNREACHABLE_CODE = YES;
				CLANG_WARN__DUPLICATE_METHOD_MATCH = YES;
				COPY_PHASE_STRIP = NO;
				DEBUG_INFORMATION_FORMAT = dwarf;
				ENABLE_STRICT_OBJC_MSGSEND = YES;
				ENABLE_TESTABILITY = YES;
				GCC_C_LANGUAGE_STANDARD = gnu11;
				GCC_DYNAMIC_NO_PIC = NO;
				GCC_NO_COMMON_BLOCKS = YES;
				GCC_OPTIMIZATION_LEVEL = 0;
				GCC_PREPROCESSOR_DEFINITIONS = (
					"DEBUG=1",
					"$(inherited)",
				);
				GCC_WARN_64_TO_32_BIT_CONVERSION = YES;
				GCC_WARN_ABOUT_RETURN_TYPE = YES_ERROR;
				GCC_WARN_UNDECLARED_SELECTOR = YES;
				GCC_WARN_UNINITIALIZED_AUTOS = YES_AGGRESSIVE;
				GCC_WARN_UNUSED_FUNCTION = YES;
				GCC_WARN_UNUSED_VARIABLE = YES;
				IPHONEOS_DEPLOYMENT_TARGET = 15.5;
				MTL_ENABLE_DEBUG_INFO = INCLUDE_SOURCE;
				MTL_FAST_MATH = YES;
				ONLY_ACTIVE_ARCH = YES;
				SDKROOT = iphoneos;
				SWIFT_ACTIVE_COMPILATION_CONDITIONS = DEBUG;
				SWIFT_OPTIMIZATION_LEVEL = "-Onone";
			};
			name = Debug;
		};
		F8A5C2D828B60AEC0010C737 /* Release */ = {
			isa = XCBuildConfiguration;
			buildSettings = {
				ALWAYS_SEARCH_USER_PATHS = NO;
				CLANG_ANALYZER_NONNULL = YES;
				CLANG_ANALYZER_NUMBER_OBJECT_CONVERSION = YES_AGGRESSIVE;
				CLANG_CXX_LANGUAGE_STANDARD = "gnu++17";
				CLANG_ENABLE_MODULES = YES;
				CLANG_ENABLE_OBJC_ARC = YES;
				CLANG_ENABLE_OBJC_WEAK = YES;
				CLANG_WARN_BLOCK_CAPTURE_AUTORELEASING = YES;
				CLANG_WARN_BOOL_CONVERSION = YES;
				CLANG_WARN_COMMA = YES;
				CLANG_WARN_CONSTANT_CONVERSION = YES;
				CLANG_WARN_DEPRECATED_OBJC_IMPLEMENTATIONS = YES;
				CLANG_WARN_DIRECT_OBJC_ISA_USAGE = YES_ERROR;
				CLANG_WARN_DOCUMENTATION_COMMENTS = YES;
				CLANG_WARN_EMPTY_BODY = YES;
				CLANG_WARN_ENUM_CONVERSION = YES;
				CLANG_WARN_INFINITE_RECURSION = YES;
				CLANG_WARN_INT_CONVERSION = YES;
				CLANG_WARN_NON_LITERAL_NULL_CONVERSION = YES;
				CLANG_WARN_OBJC_IMPLICIT_RETAIN_SELF = YES;
				CLANG_WARN_OBJC_LITERAL_CONVERSION = YES;
				CLANG_WARN_OBJC_ROOT_CLASS = YES_ERROR;
				CLANG_WARN_QUOTED_INCLUDE_IN_FRAMEWORK_HEADER = YES;
				CLANG_WARN_RANGE_LOOP_ANALYSIS = YES;
				CLANG_WARN_STRICT_PROTOTYPES = YES;
				CLANG_WARN_SUSPICIOUS_MOVE = YES;
				CLANG_WARN_UNGUARDED_AVAILABILITY = YES_AGGRESSIVE;
				CLANG_WARN_UNREACHABLE_CODE = YES;
				CLANG_WARN__DUPLICATE_METHOD_MATCH = YES;
				COPY_PHASE_STRIP = NO;
				DEBUG_INFORMATION_FORMAT = "dwarf-with-dsym";
				ENABLE_NS_ASSERTIONS = NO;
				ENABLE_STRICT_OBJC_MSGSEND = YES;
				GCC_C_LANGUAGE_STANDARD = gnu11;
				GCC_NO_COMMON_BLOCKS = YES;
				GCC_WARN_64_TO_32_BIT_CONVERSION = YES;
				GCC_WARN_ABOUT_RETURN_TYPE = YES_ERROR;
				GCC_WARN_UNDECLARED_SELECTOR = YES;
				GCC_WARN_UNINITIALIZED_AUTOS = YES_AGGRESSIVE;
				GCC_WARN_UNUSED_FUNCTION = YES;
				GCC_WARN_UNUSED_VARIABLE = YES;
				IPHONEOS_DEPLOYMENT_TARGET = 15.5;
				MTL_ENABLE_DEBUG_INFO = NO;
				MTL_FAST_MATH = YES;
				SDKROOT = iphoneos;
				SWIFT_COMPILATION_MODE = wholemodule;
				SWIFT_OPTIMIZATION_LEVEL = "-O";
				VALIDATE_PRODUCT = YES;
			};
			name = Release;
		};
		F8A5C2DA28B60AEC0010C737 /* Debug */ = {
			isa = XCBuildConfiguration;
			baseConfigurationReference = 411439F2687614A0F82A94F9 /* Pods-XBike.debug.xcconfig */;
			buildSettings = {
				ASSETCATALOG_COMPILER_APPICON_NAME = AppIcon;
				ASSETCATALOG_COMPILER_GLOBAL_ACCENT_COLOR_NAME = AccentColor;
				CODE_SIGN_STYLE = Automatic;
				CURRENT_PROJECT_VERSION = 1;
				DEVELOPMENT_TEAM = F97MVRYUNQ;
				GENERATE_INFOPLIST_FILE = YES;
				INFOPLIST_FILE = XBike/Info.plist;
				INFOPLIST_KEY_NSLocalNetworkUsageDescription = "Local network access is needed for tests";
				INFOPLIST_KEY_NSLocationAlwaysAndWhenInUseUsageDescription = "This app need track your route";
				INFOPLIST_KEY_NSLocationAlwaysUsageDescription = "This app need track your route";
				INFOPLIST_KEY_UIApplicationSupportsIndirectInputEvents = YES;
				INFOPLIST_KEY_UILaunchStoryboardName = LaunchScreen;
				INFOPLIST_KEY_UIMainStoryboardFile = Main;
				INFOPLIST_KEY_UIRequiredDeviceCapabilities = armv7;
				INFOPLIST_KEY_UIStatusBarHidden = YES;
				INFOPLIST_KEY_UISupportedInterfaceOrientations = "UIInterfaceOrientationPortrait UIInterfaceOrientationLandscapeLeft UIInterfaceOrientationLandscapeRight";
				INFOPLIST_KEY_UISupportedInterfaceOrientations_iPad = "UIInterfaceOrientationPortrait UIInterfaceOrientationPortraitUpsideDown UIInterfaceOrientationLandscapeLeft UIInterfaceOrientationLandscapeRight";
				INFOPLIST_KEY_UISupportedInterfaceOrientations_iPhone = "UIInterfaceOrientationPortrait UIInterfaceOrientationLandscapeLeft UIInterfaceOrientationLandscapeRight";
				LD_RUNPATH_SEARCH_PATHS = (
					"$(inherited)",
					"@executable_path/Frameworks",
				);
				MARKETING_VERSION = 1.0;
				PRODUCT_BUNDLE_IDENTIFIER = com.danielbeltran.XBike;
				PRODUCT_NAME = "$(TARGET_NAME)";
				SWIFT_EMIT_LOC_STRINGS = YES;
				SWIFT_VERSION = 5.0;
				TARGETED_DEVICE_FAMILY = "1,2";
			};
			name = Debug;
		};
		F8A5C2DB28B60AEC0010C737 /* Release */ = {
			isa = XCBuildConfiguration;
			baseConfigurationReference = F69DA72F5E7EEF3BBD73D767 /* Pods-XBike.release.xcconfig */;
			buildSettings = {
				ASSETCATALOG_COMPILER_APPICON_NAME = AppIcon;
				ASSETCATALOG_COMPILER_GLOBAL_ACCENT_COLOR_NAME = AccentColor;
				CODE_SIGN_STYLE = Automatic;
				CURRENT_PROJECT_VERSION = 1;
				DEVELOPMENT_TEAM = F97MVRYUNQ;
				GENERATE_INFOPLIST_FILE = YES;
				INFOPLIST_FILE = XBike/Info.plist;
				INFOPLIST_KEY_NSLocalNetworkUsageDescription = "Local network access is needed for tests";
				INFOPLIST_KEY_NSLocationAlwaysAndWhenInUseUsageDescription = "This app need track your route";
				INFOPLIST_KEY_NSLocationAlwaysUsageDescription = "This app need track your route";
				INFOPLIST_KEY_UIApplicationSupportsIndirectInputEvents = YES;
				INFOPLIST_KEY_UILaunchStoryboardName = LaunchScreen;
				INFOPLIST_KEY_UIMainStoryboardFile = Main;
				INFOPLIST_KEY_UIRequiredDeviceCapabilities = armv7;
				INFOPLIST_KEY_UIStatusBarHidden = YES;
				INFOPLIST_KEY_UISupportedInterfaceOrientations = "UIInterfaceOrientationPortrait UIInterfaceOrientationLandscapeLeft UIInterfaceOrientationLandscapeRight";
				INFOPLIST_KEY_UISupportedInterfaceOrientations_iPad = "UIInterfaceOrientationPortrait UIInterfaceOrientationPortraitUpsideDown UIInterfaceOrientationLandscapeLeft UIInterfaceOrientationLandscapeRight";
				INFOPLIST_KEY_UISupportedInterfaceOrientations_iPhone = "UIInterfaceOrientationPortrait UIInterfaceOrientationLandscapeLeft UIInterfaceOrientationLandscapeRight";
				LD_RUNPATH_SEARCH_PATHS = (
					"$(inherited)",
					"@executable_path/Frameworks",
				);
				MARKETING_VERSION = 1.0;
				PRODUCT_BUNDLE_IDENTIFIER = com.danielbeltran.XBike;
				PRODUCT_NAME = "$(TARGET_NAME)";
				SWIFT_EMIT_LOC_STRINGS = YES;
				SWIFT_VERSION = 5.0;
				TARGETED_DEVICE_FAMILY = "1,2";
			};
			name = Release;
		};
/* End XCBuildConfiguration section */

/* Begin XCConfigurationList section */
		F8A5C2C028B60AEB0010C737 /* Build configuration list for PBXProject "XBike" */ = {
			isa = XCConfigurationList;
			buildConfigurations = (
				F8A5C2D728B60AEC0010C737 /* Debug */,
				F8A5C2D828B60AEC0010C737 /* Release */,
			);
			defaultConfigurationIsVisible = 0;
			defaultConfigurationName = Release;
		};
		F8A5C2D928B60AEC0010C737 /* Build configuration list for PBXNativeTarget "XBike" */ = {
			isa = XCConfigurationList;
			buildConfigurations = (
				F8A5C2DA28B60AEC0010C737 /* Debug */,
				F8A5C2DB28B60AEC0010C737 /* Release */,
			);
			defaultConfigurationIsVisible = 0;
			defaultConfigurationName = Release;
		};
/* End XCConfigurationList section */
	};
	rootObject = F8A5C2BD28B60AEB0010C737 /* Project object */;
}
